
Microsoft Visual Studio Solution File, Format Version 12.00
# Visual Studio 15
VisualStudioVersion = 15.0.27130.2036
MinimumVisualStudioVersion = 10.0.40219.1
Project("{9A19103F-16F7-4668-BE54-9A1E7A4F7556}") = "FirstWebApi", "FirstWebApi\FirstWebApi.csproj", "{BA114837-7FB4-4A24-8B19-7AE3E8E13297}"
EndProject
Project("{9A19103F-16F7-4668-BE54-9A1E7A4F7556}") = "CoreApp", "CoreApp\CoreApp.csproj", "{D21B06BC-41B3-4A82-86B1-ECCD2FFE5CAF}"
EndProject
Project("{2150E333-8FDC-42A3-9474-1A3956D46DE8}") = "core.redis", "core.redis", "{41D12475-CCDA-4735-8009-DD19CF209447}"
EndProject
Project("{9A19103F-16F7-4668-BE54-9A1E7A4F7556}") = "Redis.Core", "Redis.Core\Redis.Core.csproj", "{C40B1102-05B7-4265-BD4D-1F9554DEADA9}"
EndProject
Project("{9A19103F-16F7-4668-BE54-9A1E7A4F7556}") = "Core.Common", "Core.Common\Core.Common.csproj", "{73326187-072D-4C51-8CC6-A4A96EBB82DE}"
EndProject
Project("{2150E333-8FDC-42A3-9474-1A3956D46DE8}") = "web", "web", "{EFB32A09-AF33-4F0E-BCA0-0721C87C90C3}"
EndProject
Project("{2150E333-8FDC-42A3-9474-1A3956D46DE8}") = "orm", "orm", "{622618F8-E03E-4CF3-83B1-212038D78955}"
EndProject
Project("{2150E333-8FDC-42A3-9474-1A3956D46DE8}") = "common", "common", "{F3E70841-AD9E-4156-96D2-523FB7CC4B7E}"
EndProject
Project("{FAE04EC0-301F-11D3-BF4B-00C04F79EFBC}") = "PetaPocoServer", "PetaPocoServer\PetaPocoServer.csproj", "{3B9A5A1A-0412-4529-8F46-F203CDB2EC59}"
EndProject
Project("{FAE04EC0-301F-11D3-BF4B-00C04F79EFBC}") = "e3net.Common", "e3net.Common\e3net.Common.csproj", "{23ABA422-DFC0-47A3-B2F2-669FB5921E1C}"
EndProject
Project("{2150E333-8FDC-42A3-9474-1A3956D46DE8}") = "bll", "bll", "{C50CDFA5-3BC2-40FC-9E68-A07E6EA1283E}"
EndProject
Project("{9A19103F-16F7-4668-BE54-9A1E7A4F7556}") = "Web.Sys.BLL", "Web.Sys.BLL\Web.Sys.BLL.csproj", "{0D989EE7-F060-4E9D-8727-1A917ABB8B14}"
EndProject
Project("{2150E333-8FDC-42A3-9474-1A3956D46DE8}") = "model", "model", "{8E9D6871-0F3A-419F-88C9-1663A73F7F32}"
EndProject
Project("{9A19103F-16F7-4668-BE54-9A1E7A4F7556}") = "Web.Sys.Model", "Web.Sys.Model\Web.Sys.Model.csproj", "{2F2D0CA4-4D24-457C-B2E5-1E8219BEDCD0}"
EndProject
Project("{9A19103F-16F7-4668-BE54-9A1E7A4F7556}") = "Web.Sys.Admin.MVC", "Web.Sys.Admin.MVC\Web.Sys.Admin.MVC.csproj", "{E318EB5B-7398-4EBF-8D07-E701E3076DAD}"
EndProject
Project("{9A19103F-16F7-4668-BE54-9A1E7A4F7556}") = "Web.Sys.Admin.MVVM", "Web.Sys.Admin.MVVM\Web.Sys.Admin.MVVM.csproj", "{905B8B05-9D3F-4B98-A945-737ACE9B9972}"
EndProject
Project("{FAE04EC0-301F-11D3-BF4B-00C04F79EFBC}") = "Core.PetaPocoServer", "Core.PetaPocoServer\Core.PetaPocoServer.csproj", "{8DBD5694-E195-46A4-843F-19E5687335B2}"
EndProject
Global
	GlobalSection(SolutionConfigurationPlatforms) = preSolution
		Debug|Any CPU = Debug|Any CPU
		Release|Any CPU = Release|Any CPU
	EndGlobalSection
	GlobalSection(ProjectConfigurationPlatforms) = postSolution
		{BA114837-7FB4-4A24-8B19-7AE3E8E13297}.Debug|Any CPU.ActiveCfg = Debug|Any CPU
		{BA114837-7FB4-4A24-8B19-7AE3E8E13297}.Debug|Any CPU.Build.0 = Debug|Any CPU
		{BA114837-7FB4-4A24-8B19-7AE3E8E13297}.Release|Any CPU.ActiveCfg = Release|Any CPU
		{BA114837-7FB4-4A24-8B19-7AE3E8E13297}.Release|Any CPU.Build.0 = Release|Any CPU
		{D21B06BC-41B3-4A82-86B1-ECCD2FFE5CAF}.Debug|Any CPU.ActiveCfg = Debug|Any CPU
		{D21B06BC-41B3-4A82-86B1-ECCD2FFE5CAF}.Debug|Any CPU.Build.0 = Debug|Any CPU
		{D21B06BC-41B3-4A82-86B1-ECCD2FFE5CAF}.Release|Any CPU.ActiveCfg = Release|Any CPU
		{D21B06BC-41B3-4A82-86B1-ECCD2FFE5CAF}.Release|Any CPU.Build.0 = Release|Any CPU
		{C40B1102-05B7-4265-BD4D-1F9554DEADA9}.Debug|Any CPU.ActiveCfg = Debug|Any CPU
		{C40B1102-05B7-4265-BD4D-1F9554DEADA9}.Debug|Any CPU.Build.0 = Debug|Any CPU
		{C40B1102-05B7-4265-BD4D-1F9554DEADA9}.Release|Any CPU.ActiveCfg = Release|Any CPU
		{C40B1102-05B7-4265-BD4D-1F9554DEADA9}.Release|Any CPU.Build.0 = Release|Any CPU
		{73326187-072D-4C51-8CC6-A4A96EBB82DE}.Debug|Any CPU.ActiveCfg = Debug|Any CPU
		{73326187-072D-4C51-8CC6-A4A96EBB82DE}.Debug|Any CPU.Build.0 = Debug|Any CPU
		{73326187-072D-4C51-8CC6-A4A96EBB82DE}.Release|Any CPU.ActiveCfg = Release|Any CPU
		{73326187-072D-4C51-8CC6-A4A96EBB82DE}.Release|Any CPU.Build.0 = Release|Any CPU
		{3B9A5A1A-0412-4529-8F46-F203CDB2EC59}.Debug|Any CPU.ActiveCfg = Debug|Any CPU
		{3B9A5A1A-0412-4529-8F46-F203CDB2EC59}.Debug|Any CPU.Build.0 = Debug|Any CPU
		{3B9A5A1A-0412-4529-8F46-F203CDB2EC59}.Release|Any CPU.ActiveCfg = Release|Any CPU
		{3B9A5A1A-0412-4529-8F46-F203CDB2EC59}.Release|Any CPU.Build.0 = Release|Any CPU
		{23ABA422-DFC0-47A3-B2F2-669FB5921E1C}.Debug|Any CPU.ActiveCfg = Debug|Any CPU
		{23ABA422-DFC0-47A3-B2F2-669FB5921E1C}.Debug|Any CPU.Build.0 = Debug|Any CPU
		{23ABA422-DFC0-47A3-B2F2-669FB5921E1C}.Release|Any CPU.ActiveCfg = Release|Any CPU
		{23ABA422-DFC0-47A3-B2F2-669FB5921E1C}.Release|Any CPU.Build.0 = Release|Any CPU
		{0D989EE7-F060-4E9D-8727-1A917ABB8B14}.Debug|Any CPU.ActiveCfg = Debug|Any CPU
		{0D989EE7-F060-4E9D-8727-1A917ABB8B14}.Debug|Any CPU.Build.0 = Debug|Any CPU
		{0D989EE7-F060-4E9D-8727-1A917ABB8B14}.Release|Any CPU.ActiveCfg = Release|Any CPU
		{0D989EE7-F060-4E9D-8727-1A917ABB8B14}.Release|Any CPU.Build.0 = Release|Any CPU
		{2F2D0CA4-4D24-457C-B2E5-1E8219BEDCD0}.Debug|Any CPU.ActiveCfg = Debug|Any CPU
		{2F2D0CA4-4D24-457C-B2E5-1E8219BEDCD0}.Debug|Any CPU.Build.0 = Debug|Any CPU
		{2F2D0CA4-4D24-457C-B2E5-1E8219BEDCD0}.Release|Any CPU.ActiveCfg = Release|Any CPU
		{2F2D0CA4-4D24-457C-B2E5-1E8219BEDCD0}.Release|Any CPU.Build.0 = Release|Any CPU
		{E318EB5B-7398-4EBF-8D07-E701E3076DAD}.Debug|Any CPU.ActiveCfg = Debug|Any CPU
		{E318EB5B-7398-4EBF-8D07-E701E3076DAD}.Debug|Any CPU.Build.0 = Debug|Any CPU
		{E318EB5B-7398-4EBF-8D07-E701E3076DAD}.Release|Any CPU.ActiveCfg = Release|Any CPU
		{E318EB5B-7398-4EBF-8D07-E701E3076DAD}.Release|Any CPU.Build.0 = Release|Any CPU
		{905B8B05-9D3F-4B98-A945-737ACE9B9972}.Debug|Any CPU.ActiveCfg = Debug|Any CPU
		{905B8B05-9D3F-4B98-A945-737ACE9B9972}.Debug|Any CPU.Build.0 = Debug|Any CPU
		{905B8B05-9D3F-4B98-A945-737ACE9B9972}.Release|Any CPU.ActiveCfg = Release|Any CPU
		{905B8B05-9D3F-4B98-A945-737ACE9B9972}.Release|Any CPU.Build.0 = Release|Any CPU
		{8DBD5694-E195-46A4-843F-19E5687335B2}.Debug|Any CPU.ActiveCfg = Debug|Any CPU
		{8DBD5694-E195-46A4-843F-19E5687335B2}.Debug|Any CPU.Build.0 = Debug|Any CPU
		{8DBD5694-E195-46A4-843F-19E5687335B2}.Release|Any CPU.ActiveCfg = Release|Any CPU
		{8DBD5694-E195-46A4-843F-19E5687335B2}.Release|Any CPU.Build.0 = Release|Any CPU
	EndGlobalSection
	GlobalSection(SolutionProperties) = preSolution
		HideSolutionNode = FALSE
	EndGlobalSection
	GlobalSection(NestedProjects) = preSolution
		{BA114837-7FB4-4A24-8B19-7AE3E8E13297} = {EFB32A09-AF33-4F0E-BCA0-0721C87C90C3}
		{D21B06BC-41B3-4A82-86B1-ECCD2FFE5CAF} = {41D12475-CCDA-4735-8009-DD19CF209447}
		{C40B1102-05B7-4265-BD4D-1F9554DEADA9} = {41D12475-CCDA-4735-8009-DD19CF209447}
		{73326187-072D-4C51-8CC6-A4A96EBB82DE} = {41D12475-CCDA-4735-8009-DD19CF209447}
		{3B9A5A1A-0412-4529-8F46-F203CDB2EC59} = {622618F8-E03E-4CF3-83B1-212038D78955}
		{23ABA422-DFC0-47A3-B2F2-669FB5921E1C} = {F3E70841-AD9E-4156-96D2-523FB7CC4B7E}
		{C50CDFA5-3BC2-40FC-9E68-A07E6EA1283E} = {EFB32A09-AF33-4F0E-BCA0-0721C87C90C3}
		{0D989EE7-F060-4E9D-8727-1A917ABB8B14} = {C50CDFA5-3BC2-40FC-9E68-A07E6EA1283E}
		{8E9D6871-0F3A-419F-88C9-1663A73F7F32} = {EFB32A09-AF33-4F0E-BCA0-0721C87C90C3}
		{2F2D0CA4-4D24-457C-B2E5-1E8219BEDCD0} = {8E9D6871-0F3A-419F-88C9-1663A73F7F32}
		{E318EB5B-7398-4EBF-8D07-E701E3076DAD} = {EFB32A09-AF33-4F0E-BCA0-0721C87C90C3}
		{905B8B05-9D3F-4B98-A945-737ACE9B9972} = {EFB32A09-AF33-4F0E-BCA0-0721C87C90C3}
		{8DBD5694-E195-46A4-843F-19E5687335B2} = {622618F8-E03E-4CF3-83B1-212038D78955}
	EndGlobalSection
	GlobalSection(ExtensibilityGlobals) = postSolution
		SolutionGuid = {2512334B-0643-4DAB-A15A-D8C91E89AAE7}
	EndGlobalSection
EndGlobal
